
Microsoft Visual Studio Solution File, Format Version 12.00
# Visual Studio Version 16
VisualStudioVersion = 16.0.31624.102
MinimumVisualStudioVersion = 10.0.40219.1
Project("{FAE04EC0-301F-11D3-BF4B-00C04F79EFBC}") = "GerenciadorDeAlunos", "GerenciadorDeAlunos\GerenciadorDeAlunos.csproj", "{A51B7648-2B27-42BA-B93E-EFF3942B08A3}"
EndProject
Project("{FAE04EC0-301F-11D3-BF4B-00C04F79EFBC}") = "GerenciadorDeAlunos.Models", "GerenciadorDeAlunos.Model\GerenciadorDeAlunos.Models.csproj", "{7DEAE404-2571-4F41-B532-14E27CA2E147}"
EndProject
Project("{FAE04EC0-301F-11D3-BF4B-00C04F79EFBC}") = "GerenciadorDeAlunos.DataBase", "GerenciadorDeAlunos.DataBase\GerenciadorDeAlunos.DataBase.csproj", "{94ADF756-1C4D-4527-B51F-E2CFB948BC76}"
EndProject
Global
	GlobalSection(SolutionConfigurationPlatforms) = preSolution
		Debug|Any CPU = Debug|Any CPU
		Release|Any CPU = Release|Any CPU
	EndGlobalSection
	GlobalSection(ProjectConfigurationPlatforms) = postSolution
		{A51B7648-2B27-42BA-B93E-EFF3942B08A3}.Debug|Any CPU.ActiveCfg = Debug|Any CPU
		{A51B7648-2B27-42BA-B93E-EFF3942B08A3}.Debug|Any CPU.Build.0 = Debug|Any CPU
		{A51B7648-2B27-42BA-B93E-EFF3942B08A3}.Release|Any CPU.ActiveCfg = Release|Any CPU
		{A51B7648-2B27-42BA-B93E-EFF3942B08A3}.Release|Any CPU.Build.0 = Release|Any CPU
		{7DEAE404-2571-4F41-B532-14E27CA2E147}.Debug|Any CPU.ActiveCfg = Debug|Any CPU
		{7DEAE404-2571-4F41-B532-14E27CA2E147}.Debug|Any CPU.Build.0 = Debug|Any CPU
		{7DEAE404-2571-4F41-B532-14E27CA2E147}.Release|Any CPU.ActiveCfg = Release|Any CPU
		{7DEAE404-2571-4F41-B532-14E27CA2E147}.Release|Any CPU.Build.0 = Release|Any CPU
		{94ADF756-1C4D-4527-B51F-E2CFB948BC76}.Debug|Any CPU.ActiveCfg = Debug|Any CPU
		{94ADF756-1C4D-4527-B51F-E2CFB948BC76}.Debug|Any CPU.Build.0 = Debug|Any CPU
		{94ADF756-1C4D-4527-B51F-E2CFB948BC76}.Release|Any CPU.ActiveCfg = Release|Any CPU
		{94ADF756-1C4D-4527-B51F-E2CFB948BC76}.Release|Any CPU.Build.0 = Release|Any CPU
	EndGlobalSection
	GlobalSection(SolutionProperties) = preSolution
		HideSolutionNode = FALSE
	EndGlobalSection
	GlobalSection(ExtensibilityGlobals) = postSolution
		SolutionGuid = {505619C4-E14B-478E-B423-815A9E310091}
	EndGlobalSection
EndGlobal
